// !$*UTF8*$!
{
	archiveVersion = 1;
	classes = {
	};
	objectVersion = 56;
	objects = {

/* Begin PBXBuildFile section */
		EB0392C92A1A4EA900D2AEE7 /* FetchWeatherDataApp.swift in Sources */ = {isa = PBXBuildFile; fileRef = EB0392C82A1A4EA900D2AEE7 /* FetchWeatherDataApp.swift */; };
		EB0392CB2A1A4EA900D2AEE7 /* ContentView.swift in Sources */ = {isa = PBXBuildFile; fileRef = EB0392CA2A1A4EA900D2AEE7 /* ContentView.swift */; };
		EB0392CD2A1A4EAE00D2AEE7 /* Assets.xcassets in Resources */ = {isa = PBXBuildFile; fileRef = EB0392CC2A1A4EAE00D2AEE7 /* Assets.xcassets */; };
		EB0392D12A1A4EAE00D2AEE7 /* Preview Assets.xcassets in Resources */ = {isa = PBXBuildFile; fileRef = EB0392D02A1A4EAE00D2AEE7 /* Preview Assets.xcassets */; };
		EB0392D82A1A4EED00D2AEE7 /* WeatherData.swift in Sources */ = {isa = PBXBuildFile; fileRef = EB0392D72A1A4EED00D2AEE7 /* WeatherData.swift */; };
		EB0392DA2A1A4F5600D2AEE7 /* ContentViewModel.swift in Sources */ = {isa = PBXBuildFile; fileRef = EB0392D92A1A4F5600D2AEE7 /* ContentViewModel.swift */; };
		EB0392DC2A1A4FAC00D2AEE7 /* WeatherDataFetcher.swift in Sources */ = {isa = PBXBuildFile; fileRef = EB0392DB2A1A4FAC00D2AEE7 /* WeatherDataFetcher.swift */; };
		EB0392DE2A1A4FCD00D2AEE7 /* APIError.swift in Sources */ = {isa = PBXBuildFile; fileRef = EB0392DD2A1A4FCD00D2AEE7 /* APIError.swift */; };
		EB0392E02A1A5C0500D2AEE7 /* LoadingViewModifier.swift in Sources */ = {isa = PBXBuildFile; fileRef = EB0392DF2A1A5C0500D2AEE7 /* LoadingViewModifier.swift */; };
		EB0392E22A1A6A4E00D2AEE7 /* ChartData.swift in Sources */ = {isa = PBXBuildFile; fileRef = EB0392E12A1A6A4E00D2AEE7 /* ChartData.swift */; };
		EB0392E42A1A76BA00D2AEE7 /* ChartView.swift in Sources */ = {isa = PBXBuildFile; fileRef = EB0392E32A1A76BA00D2AEE7 /* ChartView.swift */; };
		EBD309C72A1BBC9A00EFE65E /* ChartViewModel.swift in Sources */ = {isa = PBXBuildFile; fileRef = EBD309C62A1BBC9A00EFE65E /* ChartViewModel.swift */; };
		EBD309C92A1D61F800EFE65E /* LocationManager.swift in Sources */ = {isa = PBXBuildFile; fileRef = EBD309C82A1D61F800EFE65E /* LocationManager.swift */; };
/* End PBXBuildFile section */

/* Begin PBXFileReference section */
		EB0392C52A1A4EA900D2AEE7 /* FetchWeatherData.app */ = {isa = PBXFileReference; explicitFileType = wrapper.application; includeInIndex = 0; path = FetchWeatherData.app; sourceTree = BUILT_PRODUCTS_DIR; };
		EB0392C82A1A4EA900D2AEE7 /* FetchWeatherDataApp.swift */ = {isa = PBXFileReference; lastKnownFileType = sourcecode.swift; path = FetchWeatherDataApp.swift; sourceTree = "<group>"; };
		EB0392CA2A1A4EA900D2AEE7 /* ContentView.swift */ = {isa = PBXFileReference; lastKnownFileType = sourcecode.swift; path = ContentView.swift; sourceTree = "<group>"; };
		EB0392CC2A1A4EAE00D2AEE7 /* Assets.xcassets */ = {isa = PBXFileReference; lastKnownFileType = folder.assetcatalog; path = Assets.xcassets; sourceTree = "<group>"; };
		EB0392CE2A1A4EAE00D2AEE7 /* FetchWeatherData.entitlements */ = {isa = PBXFileReference; lastKnownFileType = text.plist.entitlements; path = FetchWeatherData.entitlements; sourceTree = "<group>"; };
		EB0392D02A1A4EAE00D2AEE7 /* Preview Assets.xcassets */ = {isa = PBXFileReference; lastKnownFileType = folder.assetcatalog; path = "Preview Assets.xcassets"; sourceTree = "<group>"; };
		EB0392D72A1A4EED00D2AEE7 /* WeatherData.swift */ = {isa = PBXFileReference; lastKnownFileType = sourcecode.swift; path = WeatherData.swift; sourceTree = "<group>"; };
		EB0392D92A1A4F5600D2AEE7 /* ContentViewModel.swift */ = {isa = PBXFileReference; lastKnownFileType = sourcecode.swift; path = ContentViewModel.swift; sourceTree = "<group>"; };
		EB0392DB2A1A4FAC00D2AEE7 /* WeatherDataFetcher.swift */ = {isa = PBXFileReference; lastKnownFileType = sourcecode.swift; path = WeatherDataFetcher.swift; sourceTree = "<group>"; };
		EB0392DD2A1A4FCD00D2AEE7 /* APIError.swift */ = {isa = PBXFileReference; lastKnownFileType = sourcecode.swift; path = APIError.swift; sourceTree = "<group>"; };
		EB0392DF2A1A5C0500D2AEE7 /* LoadingViewModifier.swift */ = {isa = PBXFileReference; lastKnownFileType = sourcecode.swift; path = LoadingViewModifier.swift; sourceTree = "<group>"; };
		EB0392E12A1A6A4E00D2AEE7 /* ChartData.swift */ = {isa = PBXFileReference; lastKnownFileType = sourcecode.swift; path = ChartData.swift; sourceTree = "<group>"; };
		EB0392E32A1A76BA00D2AEE7 /* ChartView.swift */ = {isa = PBXFileReference; lastKnownFileType = sourcecode.swift; path = ChartView.swift; sourceTree = "<group>"; };
		EBD309C62A1BBC9A00EFE65E /* ChartViewModel.swift */ = {isa = PBXFileReference; lastKnownFileType = sourcecode.swift; path = ChartViewModel.swift; sourceTree = "<group>"; };
		EBD309C82A1D61F800EFE65E /* LocationManager.swift */ = {isa = PBXFileReference; lastKnownFileType = sourcecode.swift; path = LocationManager.swift; sourceTree = "<group>"; };
/* End PBXFileReference section */

/* Begin PBXFrameworksBuildPhase section */
		EB0392C22A1A4EA900D2AEE7 /* Frameworks */ = {
			isa = PBXFrameworksBuildPhase;
			buildActionMask = 2147483647;
			files = (
			);
			runOnlyForDeploymentPostprocessing = 0;
		};
/* End PBXFrameworksBuildPhase section */

/* Begin PBXGroup section */
		EB0392BC2A1A4EA900D2AEE7 = {
			isa = PBXGroup;
			children = (
				EB0392C72A1A4EA900D2AEE7 /* FetchWeatherData */,
				EB0392C62A1A4EA900D2AEE7 /* Products */,
			);
			sourceTree = "<group>";
		};
		EB0392C62A1A4EA900D2AEE7 /* Products */ = {
			isa = PBXGroup;
			children = (
				EB0392C52A1A4EA900D2AEE7 /* FetchWeatherData.app */,
			);
			name = Products;
			sourceTree = "<group>";
		};
		EB0392C72A1A4EA900D2AEE7 /* FetchWeatherData */ = {
			isa = PBXGroup;
			children = (
				EB0392C82A1A4EA900D2AEE7 /* FetchWeatherDataApp.swift */,
				EB0392E72A1A7C7100D2AEE7 /* Views */,
				EB0392E82A1A7C8500D2AEE7 /* ViewModel */,
				EB0392E52A1A7C0900D2AEE7 /* Model */,
				EB0392E62A1A7C4300D2AEE7 /* Other */,
				EB0392CC2A1A4EAE00D2AEE7 /* Assets.xcassets */,
				EB0392CE2A1A4EAE00D2AEE7 /* FetchWeatherData.entitlements */,
				EB0392CF2A1A4EAE00D2AEE7 /* Preview Content */,
			);
			path = FetchWeatherData;
			sourceTree = "<group>";
		};
		EB0392CF2A1A4EAE00D2AEE7 /* Preview Content */ = {
			isa = PBXGroup;
			children = (
				EB0392D02A1A4EAE00D2AEE7 /* Preview Assets.xcassets */,
			);
			path = "Preview Content";
			sourceTree = "<group>";
		};
		EB0392E52A1A7C0900D2AEE7 /* Model */ = {
			isa = PBXGroup;
			children = (
				EB0392D72A1A4EED00D2AEE7 /* WeatherData.swift */,
				EB0392E12A1A6A4E00D2AEE7 /* ChartData.swift */,
			);
			path = Model;
			sourceTree = "<group>";
		};
		EB0392E62A1A7C4300D2AEE7 /* Other */ = {
			isa = PBXGroup;
			children = (
				EB0392DB2A1A4FAC00D2AEE7 /* WeatherDataFetcher.swift */,
				EBD309C82A1D61F800EFE65E /* LocationManager.swift */,
				EB0392DF2A1A5C0500D2AEE7 /* LoadingViewModifier.swift */,
				EB0392DD2A1A4FCD00D2AEE7 /* APIError.swift */,
			);
			path = Other;
			sourceTree = "<group>";
		};
		EB0392E72A1A7C7100D2AEE7 /* Views */ = {
			isa = PBXGroup;
			children = (
				EB0392CA2A1A4EA900D2AEE7 /* ContentView.swift */,
				EB0392E32A1A76BA00D2AEE7 /* ChartView.swift */,
			);
			path = Views;
			sourceTree = "<group>";
		};
		EB0392E82A1A7C8500D2AEE7 /* ViewModel */ = {
			isa = PBXGroup;
			children = (
				EB0392D92A1A4F5600D2AEE7 /* ContentViewModel.swift */,
				EBD309C62A1BBC9A00EFE65E /* ChartViewModel.swift */,
			);
			path = ViewModel;
			sourceTree = "<group>";
		};
/* End PBXGroup section */

/* Begin PBXNativeTarget section */
		EB0392C42A1A4EA900D2AEE7 /* FetchWeatherData */ = {
			isa = PBXNativeTarget;
			buildConfigurationList = EB0392D42A1A4EAE00D2AEE7 /* Build configuration list for PBXNativeTarget "FetchWeatherData" */;
			buildPhases = (
				EB0392C12A1A4EA900D2AEE7 /* Sources */,
				EB0392C22A1A4EA900D2AEE7 /* Frameworks */,
				EB0392C32A1A4EA900D2AEE7 /* Resources */,
			);
			buildRules = (
			);
			dependencies = (
			);
			name = FetchWeatherData;
			productName = FetchWeatherData;
			productReference = EB0392C52A1A4EA900D2AEE7 /* FetchWeatherData.app */;
			productType = "com.apple.product-type.application";
		};
/* End PBXNativeTarget section */

/* Begin PBXProject section */
		EB0392BD2A1A4EA900D2AEE7 /* Project object */ = {
			isa = PBXProject;
			attributes = {
				BuildIndependentTargetsInParallel = 1;
				LastSwiftUpdateCheck = 1430;
				LastUpgradeCheck = 1430;
				TargetAttributes = {
					EB0392C42A1A4EA900D2AEE7 = {
						CreatedOnToolsVersion = 14.3;
					};
				};
			};
			buildConfigurationList = EB0392C02A1A4EA900D2AEE7 /* Build configuration list for PBXProject "FetchWeatherData" */;
			compatibilityVersion = "Xcode 14.0";
			developmentRegion = en;
			hasScannedForEncodings = 0;
			knownRegions = (
				en,
				Base,
			);
			mainGroup = EB0392BC2A1A4EA900D2AEE7;
			productRefGroup = EB0392C62A1A4EA900D2AEE7 /* Products */;
			projectDirPath = "";
			projectRoot = "";
			targets = (
				EB0392C42A1A4EA900D2AEE7 /* FetchWeatherData */,
			);
		};
/* End PBXProject section */

/* Begin PBXResourcesBuildPhase section */
		EB0392C32A1A4EA900D2AEE7 /* Resources */ = {
			isa = PBXResourcesBuildPhase;
			buildActionMask = 2147483647;
			files = (
				EB0392D12A1A4EAE00D2AEE7 /* Preview Assets.xcassets in Resources */,
				EB0392CD2A1A4EAE00D2AEE7 /* Assets.xcassets in Resources */,
			);
			runOnlyForDeploymentPostprocessing = 0;
		};
/* End PBXResourcesBuildPhase section */

/* Begin PBXSourcesBuildPhase section */
		EB0392C12A1A4EA900D2AEE7 /* Sources */ = {
			isa = PBXSourcesBuildPhase;
			buildActionMask = 2147483647;
			files = (
				EB0392DA2A1A4F5600D2AEE7 /* ContentViewModel.swift in Sources */,
				EB0392E22A1A6A4E00D2AEE7 /* ChartData.swift in Sources */,
				EB0392CB2A1A4EA900D2AEE7 /* ContentView.swift in Sources */,
				EBD309C92A1D61F800EFE65E /* LocationManager.swift in Sources */,
				EB0392D82A1A4EED00D2AEE7 /* WeatherData.swift in Sources */,
				EB0392C92A1A4EA900D2AEE7 /* FetchWeatherDataApp.swift in Sources */,
				EBD309C72A1BBC9A00EFE65E /* ChartViewModel.swift in Sources */,
				EB0392E42A1A76BA00D2AEE7 /* ChartView.swift in Sources */,
				EB0392E02A1A5C0500D2AEE7 /* LoadingViewModifier.swift in Sources */,
				EB0392DC2A1A4FAC00D2AEE7 /* WeatherDataFetcher.swift in Sources */,
				EB0392DE2A1A4FCD00D2AEE7 /* APIError.swift in Sources */,
			);
			runOnlyForDeploymentPostprocessing = 0;
		};
/* End PBXSourcesBuildPhase section */

/* Begin XCBuildConfiguration section */
		EB0392D22A1A4EAE00D2AEE7 /* Debug */ = {
			isa = XCBuildConfiguration;
			buildSettings = {
				ALWAYS_SEARCH_USER_PATHS = NO;
				CLANG_ANALYZER_NONNULL = YES;
				CLANG_ANALYZER_NUMBER_OBJECT_CONVERSION = YES_AGGRESSIVE;
				CLANG_CXX_LANGUAGE_STANDARD = "gnu++20";
				CLANG_ENABLE_MODULES = YES;
				CLANG_ENABLE_OBJC_ARC = YES;
				CLANG_ENABLE_OBJC_WEAK = YES;
				CLANG_WARN_BLOCK_CAPTURE_AUTORELEASING = YES;
				CLANG_WARN_BOOL_CONVERSION = YES;
				CLANG_WARN_COMMA = YES;
				CLANG_WARN_CONSTANT_CONVERSION = YES;
				CLANG_WARN_DEPRECATED_OBJC_IMPLEMENTATIONS = YES;
				CLANG_WARN_DIRECT_OBJC_ISA_USAGE = YES_ERROR;
				CLANG_WARN_DOCUMENTATION_COMMENTS = YES;
				CLANG_WARN_EMPTY_BODY = YES;
				CLANG_WARN_ENUM_CONVERSION = YES;
				CLANG_WARN_INFINITE_RECURSION = YES;
				CLANG_WARN_INT_CONVERSION = YES;
				CLANG_WARN_NON_LITERAL_NULL_CONVERSION = YES;
				CLANG_WARN_OBJC_IMPLICIT_RETAIN_SELF = YES;
				CLANG_WARN_OBJC_LITERAL_CONVERSION = YES;
				CLANG_WARN_OBJC_ROOT_CLASS = YES_ERROR;
				CLANG_WARN_QUOTED_INCLUDE_IN_FRAMEWORK_HEADER = YES;
				CLANG_WARN_RANGE_LOOP_ANALYSIS = YES;
				CLANG_WARN_STRICT_PROTOTYPES = YES;
				CLANG_WARN_SUSPICIOUS_MOVE = YES;
				CLANG_WARN_UNGUARDED_AVAILABILITY = YES_AGGRESSIVE;
				CLANG_WARN_UNREACHABLE_CODE = YES;
				CLANG_WARN__DUPLICATE_METHOD_MATCH = YES;
				COPY_PHASE_STRIP = NO;
				DEBUG_INFORMATION_FORMAT = dwarf;
				ENABLE_STRICT_OBJC_MSGSEND = YES;
				ENABLE_TESTABILITY = YES;
				GCC_C_LANGUAGE_STANDARD = gnu11;
				GCC_DYNAMIC_NO_PIC = NO;
				GCC_NO_COMMON_BLOCKS = YES;
				GCC_OPTIMIZATION_LEVEL = 0;
				GCC_PREPROCESSOR_DEFINITIONS = (
					"DEBUG=1",
					"$(inherited)",
				);
				GCC_WARN_64_TO_32_BIT_CONVERSION = YES;
				GCC_WARN_ABOUT_RETURN_TYPE = YES_ERROR;
				GCC_WARN_UNDECLARED_SELECTOR = YES;
				GCC_WARN_UNINITIALIZED_AUTOS = YES_AGGRESSIVE;
				GCC_WARN_UNUSED_FUNCTION = YES;
				GCC_WARN_UNUSED_VARIABLE = YES;
				MTL_ENABLE_DEBUG_INFO = INCLUDE_SOURCE;
				MTL_FAST_MATH = YES;
				ONLY_ACTIVE_ARCH = YES;
				SWIFT_ACTIVE_COMPILATION_CONDITIONS = DEBUG;
				SWIFT_OPTIMIZATION_LEVEL = "-Onone";
			};
			name = Debug;
		};
		EB0392D32A1A4EAE00D2AEE7 /* Release */ = {
			isa = XCBuildConfiguration;
			buildSettings = {
				ALWAYS_SEARCH_USER_PATHS = NO;
				CLANG_ANALYZER_NONNULL = YES;
				CLANG_ANALYZER_NUMBER_OBJECT_CONVERSION = YES_AGGRESSIVE;
				CLANG_CXX_LANGUAGE_STANDARD = "gnu++20";
				CLANG_ENABLE_MODULES = YES;
				CLANG_ENABLE_OBJC_ARC = YES;
				CLANG_ENABLE_OBJC_WEAK = YES;
				CLANG_WARN_BLOCK_CAPTURE_AUTORELEASING = YES;
				CLANG_WARN_BOOL_CONVERSION = YES;
				CLANG_WARN_COMMA = YES;
				CLANG_WARN_CONSTANT_CONVERSION = YES;
				CLANG_WARN_DEPRECATED_OBJC_IMPLEMENTATIONS = YES;
				CLANG_WARN_DIRECT_OBJC_ISA_USAGE = YES_ERROR;
				CLANG_WARN_DOCUMENTATION_COMMENTS = YES;
				CLANG_WARN_EMPTY_BODY = YES;
				CLANG_WARN_ENUM_CONVERSION = YES;
				CLANG_WARN_INFINITE_RECURSION = YES;
				CLANG_WARN_INT_CONVERSION = YES;
				CLANG_WARN_NON_LITERAL_NULL_CONVERSION = YES;
				CLANG_WARN_OBJC_IMPLICIT_RETAIN_SELF = YES;
				CLANG_WARN_OBJC_LITERAL_CONVERSION = YES;
				CLANG_WARN_OBJC_ROOT_CLASS = YES_ERROR;
				CLANG_WARN_QUOTED_INCLUDE_IN_FRAMEWORK_HEADER = YES;
				CLANG_WARN_RANGE_LOOP_ANALYSIS = YES;
				CLANG_WARN_STRICT_PROTOTYPES = YES;
				CLANG_WARN_SUSPICIOUS_MOVE = YES;
				CLANG_WARN_UNGUARDED_AVAILABILITY = YES_AGGRESSIVE;
				CLANG_WARN_UNREACHABLE_CODE = YES;
				CLANG_WARN__DUPLICATE_METHOD_MATCH = YES;
				COPY_PHASE_STRIP = NO;
				DEBUG_INFORMATION_FORMAT = "dwarf-with-dsym";
				ENABLE_NS_ASSERTIONS = NO;
				ENABLE_STRICT_OBJC_MSGSEND = YES;
				GCC_C_LANGUAGE_STANDARD = gnu11;
				GCC_NO_COMMON_BLOCKS = YES;
				GCC_WARN_64_TO_32_BIT_CONVERSION = YES;
				GCC_WARN_ABOUT_RETURN_TYPE = YES_ERROR;
				GCC_WARN_UNDECLARED_SELECTOR = YES;
				GCC_WARN_UNINITIALIZED_AUTOS = YES_AGGRESSIVE;
				GCC_WARN_UNUSED_FUNCTION = YES;
				GCC_WARN_UNUSED_VARIABLE = YES;
				MTL_ENABLE_DEBUG_INFO = NO;
				MTL_FAST_MATH = YES;
				SWIFT_COMPILATION_MODE = wholemodule;
				SWIFT_OPTIMIZATION_LEVEL = "-O";
			};
			name = Release;
		};
		EB0392D52A1A4EAE00D2AEE7 /* Debug */ = {
			isa = XCBuildConfiguration;
			buildSettings = {
				ASSETCATALOG_COMPILER_APPICON_NAME = AppIcon;
				ASSETCATALOG_COMPILER_GLOBAL_ACCENT_COLOR_NAME = AccentColor;
				CODE_SIGN_ENTITLEMENTS = FetchWeatherData/FetchWeatherData.entitlements;
				CODE_SIGN_STYLE = Automatic;
				CURRENT_PROJECT_VERSION = 1;
				DEVELOPMENT_ASSET_PATHS = "\"FetchWeatherData/Preview Content\"";
				DEVELOPMENT_TEAM = VXRZ4F779B;
				ENABLE_HARDENED_RUNTIME = YES;
				ENABLE_PREVIEWS = YES;
				GENERATE_INFOPLIST_FILE = YES;
				INFOPLIST_KEY_NSLocationWhenInUseUsageDescription = "気象情報の取得に使用します。";
				"INFOPLIST_KEY_UIApplicationSceneManifest_Generation[sdk=iphoneos*]" = YES;
				"INFOPLIST_KEY_UIApplicationSceneManifest_Generation[sdk=iphonesimulator*]" = YES;
				"INFOPLIST_KEY_UIApplicationSupportsIndirectInputEvents[sdk=iphoneos*]" = YES;
				"INFOPLIST_KEY_UIApplicationSupportsIndirectInputEvents[sdk=iphonesimulator*]" = YES;
				"INFOPLIST_KEY_UILaunchScreen_Generation[sdk=iphoneos*]" = YES;
				"INFOPLIST_KEY_UILaunchScreen_Generation[sdk=iphonesimulator*]" = YES;
				"INFOPLIST_KEY_UIStatusBarStyle[sdk=iphoneos*]" = UIStatusBarStyleDefault;
				"INFOPLIST_KEY_UIStatusBarStyle[sdk=iphonesimulator*]" = UIStatusBarStyleDefault;
				INFOPLIST_KEY_UISupportedInterfaceOrientations_iPad = "UIInterfaceOrientationPortrait UIInterfaceOrientationPortraitUpsideDown UIInterfaceOrientationLandscapeLeft UIInterfaceOrientationLandscapeRight";
				INFOPLIST_KEY_UISupportedInterfaceOrientations_iPhone = "UIInterfaceOrientationPortrait UIInterfaceOrientationLandscapeLeft UIInterfaceOrientationLandscapeRight";
				IPHONEOS_DEPLOYMENT_TARGET = 16.4;
				LD_RUNPATH_SEARCH_PATHS = "@executable_path/Frameworks";
				"LD_RUNPATH_SEARCH_PATHS[sdk=macosx*]" = "@executable_path/../Frameworks";
				MACOSX_DEPLOYMENT_TARGET = 13.3;
				MARKETING_VERSION = 1.0;
				PRODUCT_BUNDLE_IDENTIFIER = com.Yuichiro.FetchWeatherData;
				PRODUCT_NAME = "$(TARGET_NAME)";
				SDKROOT = auto;
				SUPPORTED_PLATFORMS = "iphoneos iphonesimulator macosx";
				SWIFT_EMIT_LOC_STRINGS = YES;
				SWIFT_VERSION = 5.0;
				TARGETED_DEVICE_FAMILY = "1,2";
			};
			name = Debug;
		};
		EB0392D62A1A4EAE00D2AEE7 /* Release */ = {
			isa = XCBuildConfiguration;
			buildSettings = {
				ASSETCATALOG_COMPILER_APPICON_NAME = AppIcon;
				ASSETCATALOG_COMPILER_GLOBAL_ACCENT_COLOR_NAME = AccentColor;
				CODE_SIGN_ENTITLEMENTS = FetchWeatherData/FetchWeatherData.entitlements;
				CODE_SIGN_STYLE = Automatic;
				CURRENT_PROJECT_VERSION = 1;
				DEVELOPMENT_ASSET_PATHS = "\"FetchWeatherData/Preview Content\"";
				DEVELOPMENT_TEAM = VXRZ4F779B;
				ENABLE_HARDENED_RUNTIME = YES;
				ENABLE_PREVIEWS = YES;
				GENERATE_INFOPLIST_FILE = YES;
				INFOPLIST_KEY_NSLocationWhenInUseUsageDescription = "気象情報の取得に使用します。";
				"INFOPLIST_KEY_UIApplicationSceneManifest_Generation[sdk=iphoneos*]" = YES;
				"INFOPLIST_KEY_UIApplicationSceneManifest_Generation[sdk=iphonesimulator*]" = YES;
				"INFOPLIST_KEY_UIApplicationSupportsIndirectInputEvents[sdk=iphoneos*]" = YES;
				"INFOPLIST_KEY_UIApplicationSupportsIndirectInputEvents[sdk=iphonesimulator*]" = YES;
				"INFOPLIST_KEY_UILaunchScreen_Generation[sdk=iphoneos*]" = YES;
				"INFOPLIST_KEY_UILaunchScreen_Generation[sdk=iphonesimulator*]" = YES;
				"INFOPLIST_KEY_UIStatusBarStyle[sdk=iphoneos*]" = UIStatusBarStyleDefault;
				"INFOPLIST_KEY_UIStatusBarStyle[sdk=iphonesimulator*]" = UIStatusBarStyleDefault;
				INFOPLIST_KEY_UISupportedInterfaceOrientations_iPad = "UIInterfaceOrientationPortrait UIInterfaceOrientationPortraitUpsideDown UIInterfaceOrientationLandscapeLeft UIInterfaceOrientationLandscapeRight";
				INFOPLIST_KEY_UISupportedInterfaceOrientations_iPhone = "UIInterfaceOrientationPortrait UIInterfaceOrientationLandscapeLeft UIInterfaceOrientationLandscapeRight";
				IPHONEOS_DEPLOYMENT_TARGET = 16.4;
				LD_RUNPATH_SEARCH_PATHS = "@executable_path/Frameworks";
				"LD_RUNPATH_SEARCH_PATHS[sdk=macosx*]" = "@executable_path/../Frameworks";
				MACOSX_DEPLOYMENT_TARGET = 13.3;
				MARKETING_VERSION = 1.0;
				PRODUCT_BUNDLE_IDENTIFIER = com.Yuichiro.FetchWeatherData;
				PRODUCT_NAME = "$(TARGET_NAME)";
				SDKROOT = auto;
				SUPPORTED_PLATFORMS = "iphoneos iphonesimulator macosx";
				SWIFT_EMIT_LOC_STRINGS = YES;
				SWIFT_VERSION = 5.0;
				TARGETED_DEVICE_FAMILY = "1,2";
			};
			name = Release;
		};
/* End XCBuildConfiguration section */

/* Begin XCConfigurationList section */
		EB0392C02A1A4EA900D2AEE7 /* Build configuration list for PBXProject "FetchWeatherData" */ = {
			isa = XCConfigurationList;
			buildConfigurations = (
				EB0392D22A1A4EAE00D2AEE7 /* Debug */,
				EB0392D32A1A4EAE00D2AEE7 /* Release */,
			);
			defaultConfigurationIsVisible = 0;
			defaultConfigurationName = Release;
		};
		EB0392D42A1A4EAE00D2AEE7 /* Build configuration list for PBXNativeTarget "FetchWeatherData" */ = {
			isa = XCConfigurationList;
			buildConfigurations = (
				EB0392D52A1A4EAE00D2AEE7 /* Debug */,
				EB0392D62A1A4EAE00D2AEE7 /* Release */,
			);
			defaultConfigurationIsVisible = 0;
			defaultConfigurationName = Release;
		};
/* End XCConfigurationList section */
	};
	rootObject = EB0392BD2A1A4EA900D2AEE7 /* Project object */;
}
